%{
  "decimal": {:hex, :decimal, "3.1.1", "430d87b04011ce6cbd4fd205be758311a81f87d552d40904abd00f015935b1d0", [:mix], [], "hexpm", "c5f25f2ced74a0587d03e6023f595db8e924c9d3922c8c8ffd9edfc4498cf1f6"},
  "dgen": {:hex, :dgen, "0.4.0", "76dfb552541f1b36f0f5467f997cad4a6966b6c93ba6c5742722dbf560035d4e", [:mix, :rebar3], [{:erlfdb, "~> 1.0", [hex: :erlfdb, repo: "hexpm", optional: true]}], "hexpm", "aab30d7584a0c06c17ae919b7ba7883a10f73a0bed1bb948613bb0be8304e879"},
  "ecto": {:hex, :ecto, "3.13.6", "352135b474f91d1ab99a1b502171d207e9db60421c9e3d0ecab4c7ab96b24d14", [:mix], [{:decimal, "~> 2.0 or ~> 3.0", [hex: :decimal, repo: "hexpm", optional: false]}, {:jason, "~> 1.0", [hex: :jason, repo: "hexpm", optional: true]}, {:telemetry, "~> 0.4 or ~> 1.0", [hex: :telemetry, repo: "hexpm", optional: false]}], "hexpm", "8afa059bc16cd2c94739ec0a11e3e5df69d828125119109bef35f20a21a76af2"},
  "ecto_foundationdb": {:git, "https://github.com/foundationdb-beam/ecto_foundationdb.git", "2ee1b29b1c727222582853e5633766b7d85411c2", []},
  "erlexec": {:hex, :erlexec, "2.3.4", "91e8374e269d82cce0d5cbb47ebc8a4810d56474a767a5575ab22b40cf6ff5f9", [:rebar3], [], "hexpm", "ab0c6c3569a9f991fbfe6624961a88688610738589ff9dbad24db9bb27ae233b"},
  "erlfdb": {:hex, :erlfdb, "1.2.1", "dc22993e0bbe0644a6dd4e940e0b49912fdb0703ad150911051100e3ec1d433f", [:rebar3], [], "hexpm", "a58a71b9c074acd47f1d5b32f5dcf40cb491478092d98bc68e0b338bd2a0642a"},
  "ex_fdbmonitor": {:git, "https://github.com/foundationdb-beam/ex_fdbmonitor.git", "0c6dd1dcd3c520765f15e9ea07ac4b96dd98702f", []},
  "global_flags": {:hex, :global_flags, "1.0.0", "ee6b864979a1fb38d1fbc67838565644baf632212bce864adca21042df036433", [:rebar3], [], "hexpm", "85d944cecd0f8f96b20ce70b5b16ebccedfcd25e744376b131e89ce61ba93176"},
  "jason": {:hex, :jason, "1.4.5", "2e3a008590b0b8d7388c20293e9dcc9cf3e5d642fd2a114e4cbbb52e595d940a", [:mix], [{:decimal, "~> 1.0 or ~> 2.0 or ~> 3.0", [hex: :decimal, repo: "hexpm", optional: true]}], "hexpm", "b0c823996102bcd0239b3c2444eb00409b72f6a140c1950bc8b457d836b30684"},
  "local_cluster": {:hex, :local_cluster, "2.1.0", "1c847d69a927ef5a62db13236f93146e8a42377a9c9a5bb4cac3372cba69d683", [:mix], [{:global_flags, "~> 1.0", [hex: :global_flags, repo: "hexpm", optional: false]}], "hexpm", "dc1c3abb6fef00198dd53c855b39ea80c55b3a8059d8d9f17d50da46b1e3b858"},
  "nimble_parsec": {:hex, :nimble_parsec, "1.4.2", "8efba0122db06df95bfaa78f791344a89352ba04baedd3849593bfce4d0dc1c6", [:mix], [], "hexpm", "4b21398942dda052b403bbe1da991ccd03a053668d147d53fb8c4e0efe09c973"},
  "owl": {:hex, :owl, "0.13.1", "1ec4a5dea170465f0e90c502c203079224516bc0cbd599281c8667b3c6ef8848", [:mix], [{:ucwidth, "~> 0.2", [hex: :ucwidth, repo: "hexpm", optional: true]}], "hexpm", "351e768af8f2edc575cdaab1a5a2f6d6381be591758a026c701c703145508a0c"},
  "sql": {:git, "https://github.com/elixir-dbvisor/sql.git", "da69080748c44d50869477f5d254504012ab7f6c", []},
  "telemetry": {:hex, :telemetry, "1.4.2", "a0cb522801dffb1c49fe6e30561badffc7b6d0e180db1300df759faa22062855", [:rebar3], [], "hexpm", "928f6495066506077862c0d1646609eed891a4326bee3126ba54b60af61febb1"},
  "unicode": {:hex, :unicode, "2.0.0", "d2d3ec27575fed3437fdcc0d383909378201843d27d2197c0c2742c973110b24", [:mix], [], "hexpm", "a8da44be6a2fc165e58ea332038686df79994b51bf2c7fe337bf2927ea148c13"},
  "unicode_set": {:hex, :unicode_set, "1.7.0", "38c91095b35b90cf2e8f8aaa67d298937886293c5e0288953325014503888cd2", [:mix], [{:nimble_parsec, "~> 1.3", [hex: :nimble_parsec, repo: "hexpm", optional: false]}, {:unicode, "~> 2.0", [hex: :unicode, repo: "hexpm", optional: false]}], "hexpm", "66c8c02adadac58fcaf64e22eba90c243a6528d1d36fb014e2d8c0e062efbae6"},
}
