%{
  "decimal": {:hex, :decimal, "2.3.0", "3ad6255aa77b4a3c4f818171b12d237500e63525c2fd056699967a3e7ea20f62", [:mix], [], "hexpm", "a4d66355cb29cb47c3cf30e71329e58361cfcb37c34235ef3bf1d7bf3773aeac"},
  "dgen": {:hex, :dgen, "0.2.0", "e0a4d9b1204c6509bfa6691071a1bcb7c9cb08ec6188821d38d4b40fc93af9b0", [:mix, :rebar3], [{:erlfdb, "~> 1.0", [hex: :erlfdb, repo: "hexpm", optional: true]}], "hexpm", "9bff251be1847ded39a8d51cd2bccac5eedc86bfa9e119a992d0ce1945357384"},
  "ecto": {:hex, :ecto, "3.13.5", "9d4a69700183f33bf97208294768e561f5c7f1ecf417e0fa1006e4a91713a834", [:mix], [{:decimal, "~> 2.0", [hex: :decimal, repo: "hexpm", optional: false]}, {:jason, "~> 1.0", [hex: :jason, repo: "hexpm", optional: true]}, {:telemetry, "~> 0.4 or ~> 1.0", [hex: :telemetry, repo: "hexpm", optional: false]}], "hexpm", "df9efebf70cf94142739ba357499661ef5dbb559ef902b68ea1f3c1fabce36de"},
  "erlexec": {:hex, :erlexec, "2.2.4", "f1c05fb12cc5b2e8945d590dd6d6a7d7837845999b3228b1b973b80c92aedf12", [:rebar3], [], "hexpm", "d49e7890b400398af45b45fb53592a0a6ce3d69ec35164f79577be62e24aa7e7"},
  "erlfdb": {:hex, :erlfdb, "1.1.0", "b3640f6e15f39a5454a125587f73d076fea4ecb68e06b6f6051a6c24e7b4cdc1", [:rebar3], [], "hexpm", "da2d94fce6e0f0ce47742f6b305a797056df15fc9ac853c4ffbd3fe8e8c74363"},
  "ex_fdbmonitor": {:hex, :ex_fdbmonitor, "0.2.1", "8c0d93b16953119c293b7101a8b19770245133b537cf858183cec360bd2c2e78", [:mix], [{:dgen, "~> 0.2", [hex: :dgen, repo: "hexpm", optional: false]}, {:erlexec, "~> 2.0", [hex: :erlexec, repo: "hexpm", optional: false]}, {:erlfdb, "~> 1.0", [hex: :erlfdb, repo: "hexpm", optional: false]}, {:global_flags, "~> 1.0", [hex: :global_flags, repo: "hexpm", optional: false]}, {:local_cluster, "~> 2.0", [hex: :local_cluster, repo: "hexpm", optional: false]}], "hexpm", "e97f49c504af0f7be0eaa98e8f73e73d45f1130bfd7c8cab1e4b59eb09a5ef69"},
  "file_only_logger": {:hex, :file_only_logger, "0.2.33", "5e4b3923c09f62566345bff0748715eea47b8e8cf6891f0b9112527a5fe254e8", [:mix], [{:persist_config, "~> 0.4", [hex: :persist_config, repo: "hexpm", optional: false]}], "hexpm", "50ef53880e987e8c7680b717226508951ea6ceffcf0b39cef5c781abe3953265"},
  "global_flags": {:hex, :global_flags, "1.0.0", "ee6b864979a1fb38d1fbc67838565644baf632212bce864adca21042df036433", [:rebar3], [], "hexpm", "85d944cecd0f8f96b20ce70b5b16ebccedfcd25e744376b131e89ce61ba93176"},
  "io_ansi_plus": {:hex, :io_ansi_plus, "0.1.61", "bbc4eb6fb43a9594ad17c69ed03d97127d6b71e5ef61f1866c82a505bcb9834f", [:mix], [{:persist_config, "~> 0.4", [hex: :persist_config, repo: "hexpm", optional: false]}], "hexpm", "969d48435a726721f86444c8b1b2e2027c920f4753d7a5eca93f2ef1dd23003b"},
  "jason": {:hex, :jason, "1.4.4", "b9226785a9aa77b6857ca22832cffa5d5011a667207eb2a0ad56adb5db443b8a", [:mix], [{:decimal, "~> 1.0 or ~> 2.0", [hex: :decimal, repo: "hexpm", optional: true]}], "hexpm", "c5eb0cab91f094599f94d55bc63409236a8ec69a21a67814529e8d5f6cc90b3b"},
  "local_cluster": {:hex, :local_cluster, "2.1.0", "1c847d69a927ef5a62db13236f93146e8a42377a9c9a5bb4cac3372cba69d683", [:mix], [{:global_flags, "~> 1.0", [hex: :global_flags, repo: "hexpm", optional: false]}], "hexpm", "dc1c3abb6fef00198dd53c855b39ea80c55b3a8059d8d9f17d50da46b1e3b858"},
  "log_reset": {:hex, :log_reset, "0.1.64", "1686e556141bd99b7b9f5114fe29fd6aff446a394829f4f4c7be4e061c9ed2e3", [:mix], [{:file_only_logger, "~> 0.2", [hex: :file_only_logger, repo: "hexpm", optional: false]}, {:persist_config, "~> 0.4", [hex: :persist_config, repo: "hexpm", optional: false]}], "hexpm", "594ca3be87040cc2f193d1c4bcec3ccb326bb901192207cbf9cb91ae733f263a"},
  "map_sorter": {:hex, :map_sorter, "0.2.66", "a5b550a35e2145eb068f86340965960ca94b6d2cdd288ec75c7afcde2ada4711", [:mix], [{:file_only_logger, "~> 0.2", [hex: :file_only_logger, repo: "hexpm", optional: false]}, {:log_reset, "~> 0.1", [hex: :log_reset, repo: "hexpm", optional: false]}, {:persist_config, "~> 0.4", [hex: :persist_config, repo: "hexpm", optional: false]}], "hexpm", "f83ef4fb4e397d0fa484176a6b1eae73fc85bad5f2d5587a3b3e8d4a2578dbec"},
  "nimble_parsec": {:hex, :nimble_parsec, "1.4.2", "8efba0122db06df95bfaa78f791344a89352ba04baedd3849593bfce4d0dc1c6", [:mix], [], "hexpm", "4b21398942dda052b403bbe1da991ccd03a053668d147d53fb8c4e0efe09c973"},
  "owl": {:hex, :owl, "0.13.0", "26010e066d5992774268f3163506972ddac0a7e77bfe57fa42a250f24d6b876e", [:mix], [{:ucwidth, "~> 0.2", [hex: :ucwidth, repo: "hexpm", optional: true]}], "hexpm", "59bf9d11ce37a4db98f57cb68fbfd61593bf419ec4ed302852b6683d3d2f7475"},
  "persist_config": {:hex, :persist_config, "0.4.34", "27c6ec30ce0a2c1e5464bc6ce0225eb38d018309c9984eecfdb34b5e5a81ba4b", [:mix], [], "hexpm", "56c776c1057d04bd54c6b93b94d44d56e1f93ec744c82640cb64bbb4fa0f89d1"},
  "sql": {:git, "https://github.com/elixir-dbvisor/sql.git", "bd316cd7b793e4d83b3e3545d506a8b00926dd32", []},
  "telemetry": {:hex, :telemetry, "1.4.1", "ab6de178e2b29b58e8256b92b382ea3f590a47152ca3651ea857a6cae05ac423", [:rebar3], [], "hexpm", "2172e05a27531d3d31dd9782841065c50dd5c3c7699d95266b2edd54c2dafa1c"},
  "unicode": {:hex, :unicode, "1.20.0", "10189cfe98b03ebb8be6efd00df0936c1c94d75bfbd62cba2bdf958fef3ee4a7", [:mix], [], "hexpm", "fa581cf80b3b1b7f42e4d24a69109dfac465cec27a62c661306c81f4ab35894c"},
  "unicode_set": {:hex, :unicode_set, "1.5.0", "f2dcc40b1e8daf1a04433c705d9a8fb8ccdfc8fd5763a92d414a3e0775414cfb", [:mix], [{:nimble_parsec, "~> 1.2.2 or ~> 1.3", [hex: :nimble_parsec, repo: "hexpm", optional: false]}, {:unicode, "~> 1.13", [hex: :unicode, repo: "hexpm", optional: false]}], "hexpm", "6c7f200e52fb90434d6b783eaa4e0ea303cfc4844ea25b2fc1ba3eb8a6901b11"},
}
