%{
  "decimal": {:hex, :decimal, "2.3.0", "3ad6255aa77b4a3c4f818171b12d237500e63525c2fd056699967a3e7ea20f62", [:mix], [], "hexpm", "a4d66355cb29cb47c3cf30e71329e58361cfcb37c34235ef3bf1d7bf3773aeac"},
  "ecto": {:hex, :ecto, "3.12.5", "4a312960ce612e17337e7cefcf9be45b95a3be6b36b6f94dfb3d8c361d631866", [:mix], [{:decimal, "~> 2.0", [hex: :decimal, repo: "hexpm", optional: false]}, {:jason, "~> 1.0", [hex: :jason, repo: "hexpm", optional: true]}, {:telemetry, "~> 0.4 or ~> 1.0", [hex: :telemetry, repo: "hexpm", optional: false]}], "hexpm", "6eb18e80bef8bb57e17f5a7f068a1719fbda384d40fc37acb8eb8aeca493b6ea"},
  "ecto_foundationdb": {:git, "https://github.com/foundationdb-beam/ecto_foundationdb.git", "eb8c80f85196e0615b26946f7832c91736a09638", []},
  "erlfdb": {:hex, :erlfdb, "0.3.1", "5156b77f8eb97654f78409202432fbdf4eb3243f2b1b156ad016f1efb971fa7e", [:rebar3], [], "hexpm", "ff0f74893de322c119a0176fad7ed841b9d155821c55d1e9ad280e5223bfbe6a"},
  "file_only_logger": {:hex, :file_only_logger, "0.2.33", "5e4b3923c09f62566345bff0748715eea47b8e8cf6891f0b9112527a5fe254e8", [:mix], [{:persist_config, "~> 0.4", [hex: :persist_config, repo: "hexpm", optional: false]}], "hexpm", "50ef53880e987e8c7680b717226508951ea6ceffcf0b39cef5c781abe3953265"},
  "io_ansi_plus": {:hex, :io_ansi_plus, "0.1.61", "bbc4eb6fb43a9594ad17c69ed03d97127d6b71e5ef61f1866c82a505bcb9834f", [:mix], [{:persist_config, "~> 0.4", [hex: :persist_config, repo: "hexpm", optional: false]}], "hexpm", "969d48435a726721f86444c8b1b2e2027c920f4753d7a5eca93f2ef1dd23003b"},
  "io_ansi_table": {:hex, :io_ansi_table, "1.0.34", "824496a18a979a6d41d7b114a60b5e775dc82882e45ff48afdee6624ea40feab", [:mix], [{:file_only_logger, "~> 0.2", [hex: :file_only_logger, repo: "hexpm", optional: false]}, {:io_ansi_plus, "~> 0.1", [hex: :io_ansi_plus, repo: "hexpm", optional: false]}, {:log_reset, "~> 0.1", [hex: :log_reset, repo: "hexpm", optional: false]}, {:map_sorter, "~> 0.2", [hex: :map_sorter, repo: "hexpm", optional: false]}, {:persist_config, "~> 0.4", [hex: :persist_config, repo: "hexpm", optional: false]}], "hexpm", "b8e2ebbbbbd8b5a339022422fe88a4fd8612edc3be4b1e854601f51b7ffddcfd"},
  "jason": {:hex, :jason, "1.4.4", "b9226785a9aa77b6857ca22832cffa5d5011a667207eb2a0ad56adb5db443b8a", [:mix], [{:decimal, "~> 1.0 or ~> 2.0", [hex: :decimal, repo: "hexpm", optional: true]}], "hexpm", "c5eb0cab91f094599f94d55bc63409236a8ec69a21a67814529e8d5f6cc90b3b"},
  "log_reset": {:hex, :log_reset, "0.1.64", "1686e556141bd99b7b9f5114fe29fd6aff446a394829f4f4c7be4e061c9ed2e3", [:mix], [{:file_only_logger, "~> 0.2", [hex: :file_only_logger, repo: "hexpm", optional: false]}, {:persist_config, "~> 0.4", [hex: :persist_config, repo: "hexpm", optional: false]}], "hexpm", "594ca3be87040cc2f193d1c4bcec3ccb326bb901192207cbf9cb91ae733f263a"},
  "map_sorter": {:hex, :map_sorter, "0.2.66", "a5b550a35e2145eb068f86340965960ca94b6d2cdd288ec75c7afcde2ada4711", [:mix], [{:file_only_logger, "~> 0.2", [hex: :file_only_logger, repo: "hexpm", optional: false]}, {:log_reset, "~> 0.1", [hex: :log_reset, repo: "hexpm", optional: false]}, {:persist_config, "~> 0.4", [hex: :persist_config, repo: "hexpm", optional: false]}], "hexpm", "f83ef4fb4e397d0fa484176a6b1eae73fc85bad5f2d5587a3b3e8d4a2578dbec"},
  "persist_config": {:hex, :persist_config, "0.4.34", "27c6ec30ce0a2c1e5464bc6ce0225eb38d018309c9984eecfdb34b5e5a81ba4b", [:mix], [], "hexpm", "56c776c1057d04bd54c6b93b94d44d56e1f93ec744c82640cb64bbb4fa0f89d1"},
  "sql": {:git, "https://github.com/elixir-dbvisor/sql.git", "fc19401e9252e1bb01b7b00bfb45146aa5467f23", []},
  "telemetry": {:hex, :telemetry, "1.3.0", "fedebbae410d715cf8e7062c96a1ef32ec22e764197f70cda73d82778d61e7a2", [:rebar3], [], "hexpm", "7015fc8919dbe63764f4b4b87a95b7c0996bd539e0d499be6ec9d7f3875b79e6"},
}
